<Solution>
  <Folder Name="/1 - Server/" />
  <Folder Name="/1 - Server/1 - Presentation/">
    <Project Path="src/Server/DishesApi/DishesApi.csproj" />
  </Folder>
  <Folder Name="/1 - Server/2 - Application/">
    <Project Path="src/Server/DishApi.Application/DishApi.Application.csproj" />
  </Folder>
  <Folder Name="/1 - Server/3 - Infrastructure/">
    <Project Path="src/Server/DishesApi.Infrastructure/DishesApi.Infrastructure.csproj" />
  </Folder>
  <Folder Name="/1 - Server/4 - Domain/">
    <Project Path="src/Server/DishesApi.Domain/DishesApi.Domain.csproj" />
  </Folder>
  <Folder Name="/2 - Client/" />
  <Folder Name="/2 - Client/1 - Presentation/">
    <Project Path="src/Client/1 - DishesClient.Presentation/DishesClient.Presentation.csproj" />
    <Project Path="src/Client/1 - DishesClient.Runner/DishesClient.Runner.csproj" />
  </Folder>
  <Folder Name="/2 - Client/2 - Application/">
    <Project Path="src/Client/2 - DishesClient.Application/DishesClient.Application.csproj" />
  </Folder>
  <Folder Name="/2 - Client/3 - Infrastructure/">
    <Project Path="src/Client/3 - DishesClient.Infrastructure/DishesClient.Infrastructure.csproj" />
  </Folder>
  <Folder Name="/2 - Client/4 - Domain/">
    <Project Path="src/Client/4 - DishesClient.Domain/DishesClient.Domain.csproj" />
  </Folder>
  <Folder Name="/Solution Items/">
    <File Path=".editorconfig" />
  </Folder>
</Solution>
